// !$*UTF8*$!
{
	archiveVersion = 1;
	classes = {
	};
	objectVersion = 56;
	objects = {

/* Begin PBXBuildFile section */
		A1CFD5E029F70A6F00BA1B6C /* AppDelegate.swift in Sources */ = {isa = PBXBuildFile; fileRef = A1CFD5DF29F70A6F00BA1B6C /* AppDelegate.swift */; };
		A1CFD5E229F70A6F00BA1B6C /* SceneDelegate.swift in Sources */ = {isa = PBXBuildFile; fileRef = A1CFD5E129F70A6F00BA1B6C /* SceneDelegate.swift */; };
		A1CFD5E429F70A6F00BA1B6C /* ViewController.swift in Sources */ = {isa = PBXBuildFile; fileRef = A1CFD5E329F70A6F00BA1B6C /* ViewController.swift */; };
		A1CFD5E729F70A6F00BA1B6C /* Main.storyboard in Resources */ = {isa = PBXBuildFile; fileRef = A1CFD5E529F70A6F00BA1B6C /* Main.storyboard */; };
		A1CFD5E929F70A7200BA1B6C /* Assets.xcassets in Resources */ = {isa = PBXBuildFile; fileRef = A1CFD5E829F70A7200BA1B6C /* Assets.xcassets */; };
		A1CFD5EC29F70A7200BA1B6C /* LaunchScreen.storyboard in Resources */ = {isa = PBXBuildFile; fileRef = A1CFD5EA29F70A7200BA1B6C /* LaunchScreen.storyboard */; };
		A1CFD5F729F70A7200BA1B6C /* DrawingAppTests.swift in Sources */ = {isa = PBXBuildFile; fileRef = A1CFD5F629F70A7200BA1B6C /* DrawingAppTests.swift */; };
		A1CFD60129F70A7200BA1B6C /* DrawingAppUITests.swift in Sources */ = {isa = PBXBuildFile; fileRef = A1CFD60029F70A7200BA1B6C /* DrawingAppUITests.swift */; };
		A1CFD60329F70A7200BA1B6C /* DrawingAppUITestsLaunchTests.swift in Sources */ = {isa = PBXBuildFile; fileRef = A1CFD60229F70A7200BA1B6C /* DrawingAppUITestsLaunchTests.swift */; };
		A1CFD61029F70AB400BA1B6C /* DrawingView.swift in Sources */ = {isa = PBXBuildFile; fileRef = A1CFD60F29F70AB400BA1B6C /* DrawingView.swift */; };
/* End PBXBuildFile section */

/* Begin PBXContainerItemProxy section */
		A1CFD5F329F70A7200BA1B6C /* PBXContainerItemProxy */ = {
			isa = PBXContainerItemProxy;
			containerPortal = A1CFD5D429F70A6F00BA1B6C /* Project object */;
			proxyType = 1;
			remoteGlobalIDString = A1CFD5DB29F70A6F00BA1B6C;
			remoteInfo = DrawingApp;
		};
		A1CFD5FD29F70A7200BA1B6C /* PBXContainerItemProxy */ = {
			isa = PBXContainerItemProxy;
			containerPortal = A1CFD5D429F70A6F00BA1B6C /* Project object */;
			proxyType = 1;
			remoteGlobalIDString = A1CFD5DB29F70A6F00BA1B6C;
			remoteInfo = DrawingApp;
		};
/* End PBXContainerItemProxy section */

/* Begin PBXFileReference section */
		A1CFD5DC29F70A6F00BA1B6C /* DrawingApp.app */ = {isa = PBXFileReference; explicitFileType = wrapper.application; includeInIndex = 0; path = DrawingApp.app; sourceTree = BUILT_PRODUCTS_DIR; };
		A1CFD5DF29F70A6F00BA1B6C /* AppDelegate.swift */ = {isa = PBXFileReference; lastKnownFileType = sourcecode.swift; path = AppDelegate.swift; sourceTree = "<group>"; };
		A1CFD5E129F70A6F00BA1B6C /* SceneDelegate.swift */ = {isa = PBXFileReference; lastKnownFileType = sourcecode.swift; path = SceneDelegate.swift; sourceTree = "<group>"; };
		A1CFD5E329F70A6F00BA1B6C /* ViewController.swift */ = {isa = PBXFileReference; lastKnownFileType = sourcecode.swift; path = ViewController.swift; sourceTree = "<group>"; };
		A1CFD5E629F70A6F00BA1B6C /* Base */ = {isa = PBXFileReference; lastKnownFileType = file.storyboard; name = Base; path = Base.lproj/Main.storyboard; sourceTree = "<group>"; };
		A1CFD5E829F70A7200BA1B6C /* Assets.xcassets */ = {isa = PBXFileReference; lastKnownFileType = folder.assetcatalog; path = Assets.xcassets; sourceTree = "<group>"; };
		A1CFD5EB29F70A7200BA1B6C /* Base */ = {isa = PBXFileReference; lastKnownFileType = file.storyboard; name = Base; path = Base.lproj/LaunchScreen.storyboard; sourceTree = "<group>"; };
		A1CFD5ED29F70A7200BA1B6C /* Info.plist */ = {isa = PBXFileReference; lastKnownFileType = text.plist.xml; path = Info.plist; sourceTree = "<group>"; };
		A1CFD5F229F70A7200BA1B6C /* DrawingAppTests.xctest */ = {isa = PBXFileReference; explicitFileType = wrapper.cfbundle; includeInIndex = 0; path = DrawingAppTests.xctest; sourceTree = BUILT_PRODUCTS_DIR; };
		A1CFD5F629F70A7200BA1B6C /* DrawingAppTests.swift */ = {isa = PBXFileReference; lastKnownFileType = sourcecode.swift; path = DrawingAppTests.swift; sourceTree = "<group>"; };
		A1CFD5FC29F70A7200BA1B6C /* DrawingAppUITests.xctest */ = {isa = PBXFileReference; explicitFileType = wrapper.cfbundle; includeInIndex = 0; path = DrawingAppUITests.xctest; sourceTree = BUILT_PRODUCTS_DIR; };
		A1CFD60029F70A7200BA1B6C /* DrawingAppUITests.swift */ = {isa = PBXFileReference; lastKnownFileType = sourcecode.swift; path = DrawingAppUITests.swift; sourceTree = "<group>"; };
		A1CFD60229F70A7200BA1B6C /* DrawingAppUITestsLaunchTests.swift */ = {isa = PBXFileReference; lastKnownFileType = sourcecode.swift; path = DrawingAppUITestsLaunchTests.swift; sourceTree = "<group>"; };
		A1CFD60F29F70AB400BA1B6C /* DrawingView.swift */ = {isa = PBXFileReference; lastKnownFileType = sourcecode.swift; path = DrawingView.swift; sourceTree = "<group>"; };
/* End PBXFileReference section */

/* Begin PBXFrameworksBuildPhase section */
		A1CFD5D929F70A6F00BA1B6C /* Frameworks */ = {
			isa = PBXFrameworksBuildPhase;
			buildActionMask = 2147483647;
			files = (
			);
			runOnlyForDeploymentPostprocessing = 0;
		};
		A1CFD5EF29F70A7200BA1B6C /* Frameworks */ = {
			isa = PBXFrameworksBuildPhase;
			buildActionMask = 2147483647;
			files = (
			);
			runOnlyForDeploymentPostprocessing = 0;
		};
		A1CFD5F929F70A7200BA1B6C /* Frameworks */ = {
			isa = PBXFrameworksBuildPhase;
			buildActionMask = 2147483647;
			files = (
			);
			runOnlyForDeploymentPostprocessing = 0;
		};
/* End PBXFrameworksBuildPhase section */

/* Begin PBXGroup section */
		A1CFD5D329F70A6F00BA1B6C = {
			isa = PBXGroup;
			children = (
				A1CFD5DE29F70A6F00BA1B6C /* DrawingApp */,
				A1CFD5F529F70A7200BA1B6C /* DrawingAppTests */,
				A1CFD5FF29F70A7200BA1B6C /* DrawingAppUITests */,
				A1CFD5DD29F70A6F00BA1B6C /* Products */,
			);
			sourceTree = "<group>";
		};
		A1CFD5DD29F70A6F00BA1B6C /* Products */ = {
			isa = PBXGroup;
			children = (
				A1CFD5DC29F70A6F00BA1B6C /* DrawingApp.app */,
				A1CFD5F229F70A7200BA1B6C /* DrawingAppTests.xctest */,
				A1CFD5FC29F70A7200BA1B6C /* DrawingAppUITests.xctest */,
			);
			name = Products;
			sourceTree = "<group>";
		};
		A1CFD5DE29F70A6F00BA1B6C /* DrawingApp */ = {
			isa = PBXGroup;
			children = (
				A1CFD5DF29F70A6F00BA1B6C /* AppDelegate.swift */,
				A1CFD5E129F70A6F00BA1B6C /* SceneDelegate.swift */,
				A1CFD5E329F70A6F00BA1B6C /* ViewController.swift */,
				A1CFD60F29F70AB400BA1B6C /* DrawingView.swift */,
				A1CFD5E529F70A6F00BA1B6C /* Main.storyboard */,
				A1CFD5E829F70A7200BA1B6C /* Assets.xcassets */,
				A1CFD5EA29F70A7200BA1B6C /* LaunchScreen.storyboard */,
				A1CFD5ED29F70A7200BA1B6C /* Info.plist */,
			);
			path = DrawingApp;
			sourceTree = "<group>";
		};
		A1CFD5F529F70A7200BA1B6C /* DrawingAppTests */ = {
			isa = PBXGroup;
			children = (
				A1CFD5F629F70A7200BA1B6C /* DrawingAppTests.swift */,
			);
			path = DrawingAppTests;
			sourceTree = "<group>";
		};
		A1CFD5FF29F70A7200BA1B6C /* DrawingAppUITests */ = {
			isa = PBXGroup;
			children = (
				A1CFD60029F70A7200BA1B6C /* DrawingAppUITests.swift */,
				A1CFD60229F70A7200BA1B6C /* DrawingAppUITestsLaunchTests.swift */,
			);
			path = DrawingAppUITests;
			sourceTree = "<group>";
		};
/* End PBXGroup section */

/* Begin PBXNativeTarget section */
		A1CFD5DB29F70A6F00BA1B6C /* DrawingApp */ = {
			isa = PBXNativeTarget;
			buildConfigurationList = A1CFD60629F70A7200BA1B6C /* Build configuration list for PBXNativeTarget "DrawingApp" */;
			buildPhases = (
				A1CFD5D829F70A6F00BA1B6C /* Sources */,
				A1CFD5D929F70A6F00BA1B6C /* Frameworks */,
				A1CFD5DA29F70A6F00BA1B6C /* Resources */,
			);
			buildRules = (
			);
			dependencies = (
			);
			name = DrawingApp;
			productName = DrawingApp;
			productReference = A1CFD5DC29F70A6F00BA1B6C /* DrawingApp.app */;
			productType = "com.apple.product-type.application";
		};
		A1CFD5F129F70A7200BA1B6C /* DrawingAppTests */ = {
			isa = PBXNativeTarget;
			buildConfigurationList = A1CFD60929F70A7200BA1B6C /* Build configuration list for PBXNativeTarget "DrawingAppTests" */;
			buildPhases = (
				A1CFD5EE29F70A7200BA1B6C /* Sources */,
				A1CFD5EF29F70A7200BA1B6C /* Frameworks */,
				A1CFD5F029F70A7200BA1B6C /* Resources */,
			);
			buildRules = (
			);
			dependencies = (
				A1CFD5F429F70A7200BA1B6C /* PBXTargetDependency */,
			);
			name = DrawingAppTests;
			productName = DrawingAppTests;
			productReference = A1CFD5F229F70A7200BA1B6C /* DrawingAppTests.xctest */;
			productType = "com.apple.product-type.bundle.unit-test";
		};
		A1CFD5FB29F70A7200BA1B6C /* DrawingAppUITests */ = {
			isa = PBXNativeTarget;
			buildConfigurationList = A1CFD60C29F70A7200BA1B6C /* Build configuration list for PBXNativeTarget "DrawingAppUITests" */;
			buildPhases = (
				A1CFD5F829F70A7200BA1B6C /* Sources */,
				A1CFD5F929F70A7200BA1B6C /* Frameworks */,
				A1CFD5FA29F70A7200BA1B6C /* Resources */,
			);
			buildRules = (
			);
			dependencies = (
				A1CFD5FE29F70A7200BA1B6C /* PBXTargetDependency */,
			);
			name = DrawingAppUITests;
			productName = DrawingAppUITests;
			productReference = A1CFD5FC29F70A7200BA1B6C /* DrawingAppUITests.xctest */;
			productType = "com.apple.product-type.bundle.ui-testing";
		};
/* End PBXNativeTarget section */

/* Begin PBXProject section */
		A1CFD5D429F70A6F00BA1B6C /* Project object */ = {
			isa = PBXProject;
			attributes = {
				BuildIndependentTargetsInParallel = 1;
				LastSwiftUpdateCheck = 1420;
				LastUpgradeCheck = 1420;
				TargetAttributes = {
					A1CFD5DB29F70A6F00BA1B6C = {
						CreatedOnToolsVersion = 14.2;
					};
					A1CFD5F129F70A7200BA1B6C = {
						CreatedOnToolsVersion = 14.2;
						TestTargetID = A1CFD5DB29F70A6F00BA1B6C;
					};
					A1CFD5FB29F70A7200BA1B6C = {
						CreatedOnToolsVersion = 14.2;
						TestTargetID = A1CFD5DB29F70A6F00BA1B6C;
					};
				};
			};
			buildConfigurationList = A1CFD5D729F70A6F00BA1B6C /* Build configuration list for PBXProject "DrawingApp" */;
			compatibilityVersion = "Xcode 14.0";
			developmentRegion = en;
			hasScannedForEncodings = 0;
			knownRegions = (
				en,
				Base,
			);
			mainGroup = A1CFD5D329F70A6F00BA1B6C;
			productRefGroup = A1CFD5DD29F70A6F00BA1B6C /* Products */;
			projectDirPath = "";
			projectRoot = "";
			targets = (
				A1CFD5DB29F70A6F00BA1B6C /* DrawingApp */,
				A1CFD5F129F70A7200BA1B6C /* DrawingAppTests */,
				A1CFD5FB29F70A7200BA1B6C /* DrawingAppUITests */,
			);
		};
/* End PBXProject section */

/* Begin PBXResourcesBuildPhase section */
		A1CFD5DA29F70A6F00BA1B6C /* Resources */ = {
			isa = PBXResourcesBuildPhase;
			buildActionMask = 2147483647;
			files = (
				A1CFD5EC29F70A7200BA1B6C /* LaunchScreen.storyboard in Resources */,
				A1CFD5E929F70A7200BA1B6C /* Assets.xcassets in Resources */,
				A1CFD5E729F70A6F00BA1B6C /* Main.storyboard in Resources */,
			);
			runOnlyForDeploymentPostprocessing = 0;
		};
		A1CFD5F029F70A7200BA1B6C /* Resources */ = {
			isa = PBXResourcesBuildPhase;
			buildActionMask = 2147483647;
			files = (
			);
			runOnlyForDeploymentPostprocessing = 0;
		};
		A1CFD5FA29F70A7200BA1B6C /* Resources */ = {
			isa = PBXResourcesBuildPhase;
			buildActionMask = 2147483647;
			files = (
			);
			runOnlyForDeploymentPostprocessing = 0;
		};
/* End PBXResourcesBuildPhase section */

/* Begin PBXSourcesBuildPhase section */
		A1CFD5D829F70A6F00BA1B6C /* Sources */ = {
			isa = PBXSourcesBuildPhase;
			buildActionMask = 2147483647;
			files = (
				A1CFD5E429F70A6F00BA1B6C /* ViewController.swift in Sources */,
				A1CFD5E029F70A6F00BA1B6C /* AppDelegate.swift in Sources */,
				A1CFD5E229F70A6F00BA1B6C /* SceneDelegate.swift in Sources */,
				A1CFD61029F70AB400BA1B6C /* DrawingView.swift in Sources */,
			);
			runOnlyForDeploymentPostprocessing = 0;
		};
		A1CFD5EE29F70A7200BA1B6C /* Sources */ = {
			isa = PBXSourcesBuildPhase;
			buildActionMask = 2147483647;
			files = (
				A1CFD5F729F70A7200BA1B6C /* DrawingAppTests.swift in Sources */,
			);
			runOnlyForDeploymentPostprocessing = 0;
		};
		A1CFD5F829F70A7200BA1B6C /* Sources */ = {
			isa = PBXSourcesBuildPhase;
			buildActionMask = 2147483647;
			files = (
				A1CFD60129F70A7200BA1B6C /* DrawingAppUITests.swift in Sources */,
				A1CFD60329F70A7200BA1B6C /* DrawingAppUITestsLaunchTests.swift in Sources */,
			);
			runOnlyForDeploymentPostprocessing = 0;
		};
/* End PBXSourcesBuildPhase section */

/* Begin PBXTargetDependency section */
		A1CFD5F429F70A7200BA1B6C /* PBXTargetDependency */ = {
			isa = PBXTargetDependency;
			target = A1CFD5DB29F70A6F00BA1B6C /* DrawingApp */;
			targetProxy = A1CFD5F329F70A7200BA1B6C /* PBXContainerItemProxy */;
		};
		A1CFD5FE29F70A7200BA1B6C /* PBXTargetDependency */ = {
			isa = PBXTargetDependency;
			target = A1CFD5DB29F70A6F00BA1B6C /* DrawingApp */;
			targetProxy = A1CFD5FD29F70A7200BA1B6C /* PBXContainerItemProxy */;
		};
/* End PBXTargetDependency section */

/* Begin PBXVariantGroup section */
		A1CFD5E529F70A6F00BA1B6C /* Main.storyboard */ = {
			isa = PBXVariantGroup;
			children = (
				A1CFD5E629F70A6F00BA1B6C /* Base */,
			);
			name = Main.storyboard;
			sourceTree = "<group>";
		};
		A1CFD5EA29F70A7200BA1B6C /* LaunchScreen.storyboard */ = {
			isa = PBXVariantGroup;
			children = (
				A1CFD5EB29F70A7200BA1B6C /* Base */,
			);
			name = LaunchScreen.storyboard;
			sourceTree = "<group>";
		};
/* End PBXVariantGroup section */

/* Begin XCBuildConfiguration section */
		A1CFD60429F70A7200BA1B6C /* Debug */ = {
			isa = XCBuildConfiguration;
			buildSettings = {
				ALWAYS_SEARCH_USER_PATHS = NO;
				CLANG_ANALYZER_NONNULL = YES;
				CLANG_ANALYZER_NUMBER_OBJECT_CONVERSION = YES_AGGRESSIVE;
				CLANG_CXX_LANGUAGE_STANDARD = "gnu++20";
				CLANG_ENABLE_MODULES = YES;
				CLANG_ENABLE_OBJC_ARC = YES;
				CLANG_ENABLE_OBJC_WEAK = YES;
				CLANG_WARN_BLOCK_CAPTURE_AUTORELEASING = YES;
				CLANG_WARN_BOOL_CONVERSION = YES;
				CLANG_WARN_COMMA = YES;
				CLANG_WARN_CONSTANT_CONVERSION = YES;
				CLANG_WARN_DEPRECATED_OBJC_IMPLEMENTATIONS = YES;
				CLANG_WARN_DIRECT_OBJC_ISA_USAGE = YES_ERROR;
				CLANG_WARN_DOCUMENTATION_COMMENTS = YES;
				CLANG_WARN_EMPTY_BODY = YES;
				CLANG_WARN_ENUM_CONVERSION = YES;
				CLANG_WARN_INFINITE_RECURSION = YES;
				CLANG_WARN_INT_CONVERSION = YES;
				CLANG_WARN_NON_LITERAL_NULL_CONVERSION = YES;
				CLANG_WARN_OBJC_IMPLICIT_RETAIN_SELF = YES;
				CLANG_WARN_OBJC_LITERAL_CONVERSION = YES;
				CLANG_WARN_OBJC_ROOT_CLASS = YES_ERROR;
				CLANG_WARN_QUOTED_INCLUDE_IN_FRAMEWORK_HEADER = YES;
				CLANG_WARN_RANGE_LOOP_ANALYSIS = YES;
				CLANG_WARN_STRICT_PROTOTYPES = YES;
				CLANG_WARN_SUSPICIOUS_MOVE = YES;
				CLANG_WARN_UNGUARDED_AVAILABILITY = YES_AGGRESSIVE;
				CLANG_WARN_UNREACHABLE_CODE = YES;
				CLANG_WARN__DUPLICATE_METHOD_MATCH = YES;
				COPY_PHASE_STRIP = NO;
				DEBUG_INFORMATION_FORMAT = dwarf;
				ENABLE_STRICT_OBJC_MSGSEND = YES;
				ENABLE_TESTABILITY = YES;
				GCC_C_LANGUAGE_STANDARD = gnu11;
				GCC_DYNAMIC_NO_PIC = NO;
				GCC_NO_COMMON_BLOCKS = YES;
				GCC_OPTIMIZATION_LEVEL = 0;
				GCC_PREPROCESSOR_DEFINITIONS = (
					"DEBUG=1",
					"$(inherited)",
				);
				GCC_WARN_64_TO_32_BIT_CONVERSION = YES;
				GCC_WARN_ABOUT_RETURN_TYPE = YES_ERROR;
				GCC_WARN_UNDECLARED_SELECTOR = YES;
				GCC_WARN_UNINITIALIZED_AUTOS = YES_AGGRESSIVE;
				GCC_WARN_UNUSED_FUNCTION = YES;
				GCC_WARN_UNUSED_VARIABLE = YES;
				IPHONEOS_DEPLOYMENT_TARGET = 16.2;
				MTL_ENABLE_DEBUG_INFO = INCLUDE_SOURCE;
				MTL_FAST_MATH = YES;
				ONLY_ACTIVE_ARCH = YES;
				SDKROOT = iphoneos;
				SWIFT_ACTIVE_COMPILATION_CONDITIONS = DEBUG;
				SWIFT_OPTIMIZATION_LEVEL = "-Onone";
			};
			name = Debug;
		};
		A1CFD60529F70A7200BA1B6C /* Release */ = {
			isa = XCBuildConfiguration;
			buildSettings = {
				ALWAYS_SEARCH_USER_PATHS = NO;
				CLANG_ANALYZER_NONNULL = YES;
				CLANG_ANALYZER_NUMBER_OBJECT_CONVERSION = YES_AGGRESSIVE;
				CLANG_CXX_LANGUAGE_STANDARD = "gnu++20";
				CLANG_ENABLE_MODULES = YES;
				CLANG_ENABLE_OBJC_ARC = YES;
				CLANG_ENABLE_OBJC_WEAK = YES;
				CLANG_WARN_BLOCK_CAPTURE_AUTORELEASING = YES;
				CLANG_WARN_BOOL_CONVERSION = YES;
				CLANG_WARN_COMMA = YES;
				CLANG_WARN_CONSTANT_CONVERSION = YES;
				CLANG_WARN_DEPRECATED_OBJC_IMPLEMENTATIONS = YES;
				CLANG_WARN_DIRECT_OBJC_ISA_USAGE = YES_ERROR;
				CLANG_WARN_DOCUMENTATION_COMMENTS = YES;
				CLANG_WARN_EMPTY_BODY = YES;
				CLANG_WARN_ENUM_CONVERSION = YES;
				CLANG_WARN_INFINITE_RECURSION = YES;
				CLANG_WARN_INT_CONVERSION = YES;
				CLANG_WARN_NON_LITERAL_NULL_CONVERSION = YES;
				CLANG_WARN_OBJC_IMPLICIT_RETAIN_SELF = YES;
				CLANG_WARN_OBJC_LITERAL_CONVERSION = YES;
				CLANG_WARN_OBJC_ROOT_CLASS = YES_ERROR;
				CLANG_WARN_QUOTED_INCLUDE_IN_FRAMEWORK_HEADER = YES;
				CLANG_WARN_RANGE_LOOP_ANALYSIS = YES;
				CLANG_WARN_STRICT_PROTOTYPES = YES;
				CLANG_WARN_SUSPICIOUS_MOVE = YES;
				CLANG_WARN_UNGUARDED_AVAILABILITY = YES_AGGRESSIVE;
				CLANG_WARN_UNREACHABLE_CODE = YES;
				CLANG_WARN__DUPLICATE_METHOD_MATCH = YES;
				COPY_PHASE_STRIP = NO;
				DEBUG_INFORMATION_FORMAT = "dwarf-with-dsym";
				ENABLE_NS_ASSERTIONS = NO;
				ENABLE_STRICT_OBJC_MSGSEND = YES;
				GCC_C_LANGUAGE_STANDARD = gnu11;
				GCC_NO_COMMON_BLOCKS = YES;
				GCC_WARN_64_TO_32_BIT_CONVERSION = YES;
				GCC_WARN_ABOUT_RETURN_TYPE = YES_ERROR;
				GCC_WARN_UNDECLARED_SELECTOR = YES;
				GCC_WARN_UNINITIALIZED_AUTOS = YES_AGGRESSIVE;
				GCC_WARN_UNUSED_FUNCTION = YES;
				GCC_WARN_UNUSED_VARIABLE = YES;
				IPHONEOS_DEPLOYMENT_TARGET = 16.2;
				MTL_ENABLE_DEBUG_INFO = NO;
				MTL_FAST_MATH = YES;
				SDKROOT = iphoneos;
				SWIFT_COMPILATION_MODE = wholemodule;
				SWIFT_OPTIMIZATION_LEVEL = "-O";
				VALIDATE_PRODUCT = YES;
			};
			name = Release;
		};
		A1CFD60729F70A7200BA1B6C /* Debug */ = {
			isa = XCBuildConfiguration;
			buildSettings = {
				ASSETCATALOG_COMPILER_APPICON_NAME = AppIcon;
				ASSETCATALOG_COMPILER_GLOBAL_ACCENT_COLOR_NAME = AccentColor;
				CODE_SIGN_STYLE = Automatic;
				CURRENT_PROJECT_VERSION = 1;
				GENERATE_INFOPLIST_FILE = YES;
				INFOPLIST_FILE = DrawingApp/Info.plist;
				INFOPLIST_KEY_UIApplicationSupportsIndirectInputEvents = YES;
				INFOPLIST_KEY_UILaunchStoryboardName = LaunchScreen;
				INFOPLIST_KEY_UIMainStoryboardFile = Main;
				INFOPLIST_KEY_UISupportedInterfaceOrientations_iPad = "UIInterfaceOrientationPortrait UIInterfaceOrientationPortraitUpsideDown UIInterfaceOrientationLandscapeLeft UIInterfaceOrientationLandscapeRight";
				INFOPLIST_KEY_UISupportedInterfaceOrientations_iPhone = "UIInterfaceOrientationPortrait UIInterfaceOrientationLandscapeLeft UIInterfaceOrientationLandscapeRight";
				LD_RUNPATH_SEARCH_PATHS = (
					"$(inherited)",
					"@executable_path/Frameworks",
				);
				MARKETING_VERSION = 1.0;
				PRODUCT_BUNDLE_IDENTIFIER = gzs0061.DrawingApp;
				PRODUCT_NAME = "$(TARGET_NAME)";
				SWIFT_EMIT_LOC_STRINGS = YES;
				SWIFT_VERSION = 5.0;
				TARGETED_DEVICE_FAMILY = "1,2";
			};
			name = Debug;
		};
		A1CFD60829F70A7200BA1B6C /* Release */ = {
			isa = XCBuildConfiguration;
			buildSettings = {
				ASSETCATALOG_COMPILER_APPICON_NAME = AppIcon;
				ASSETCATALOG_COMPILER_GLOBAL_ACCENT_COLOR_NAME = AccentColor;
				CODE_SIGN_STYLE = Automatic;
				CURRENT_PROJECT_VERSION = 1;
				GENERATE_INFOPLIST_FILE = YES;
				INFOPLIST_FILE = DrawingApp/Info.plist;
				INFOPLIST_KEY_UIApplicationSupportsIndirectInputEvents = YES;
				INFOPLIST_KEY_UILaunchStoryboardName = LaunchScreen;
				INFOPLIST_KEY_UIMainStoryboardFile = Main;
				INFOPLIST_KEY_UISupportedInterfaceOrientations_iPad = "UIInterfaceOrientationPortrait UIInterfaceOrientationPortraitUpsideDown UIInterfaceOrientationLandscapeLeft UIInterfaceOrientationLandscapeRight";
				INFOPLIST_KEY_UISupportedInterfaceOrientations_iPhone = "UIInterfaceOrientationPortrait UIInterfaceOrientationLandscapeLeft UIInterfaceOrientationLandscapeRight";
				LD_RUNPATH_SEARCH_PATHS = (
					"$(inherited)",
					"@executable_path/Frameworks",
				);
				MARKETING_VERSION = 1.0;
				PRODUCT_BUNDLE_IDENTIFIER = gzs0061.DrawingApp;
				PRODUCT_NAME = "$(TARGET_NAME)";
				SWIFT_EMIT_LOC_STRINGS = YES;
				SWIFT_VERSION = 5.0;
				TARGETED_DEVICE_FAMILY = "1,2";
			};
			name = Release;
		};
		A1CFD60A29F70A7200BA1B6C /* Debug */ = {
			isa = XCBuildConfiguration;
			buildSettings = {
				ALWAYS_EMBED_SWIFT_STANDARD_LIBRARIES = YES;
				BUNDLE_LOADER = "$(TEST_HOST)";
				CODE_SIGN_STYLE = Automatic;
				CURRENT_PROJECT_VERSION = 1;
				GENERATE_INFOPLIST_FILE = YES;
				IPHONEOS_DEPLOYMENT_TARGET = 16.2;
				MARKETING_VERSION = 1.0;
				PRODUCT_BUNDLE_IDENTIFIER = gzs0061.DrawingAppTests;
				PRODUCT_NAME = "$(TARGET_NAME)";
				SWIFT_EMIT_LOC_STRINGS = NO;
				SWIFT_VERSION = 5.0;
				TARGETED_DEVICE_FAMILY = "1,2";
				TEST_HOST = "$(BUILT_PRODUCTS_DIR)/DrawingApp.app/$(BUNDLE_EXECUTABLE_FOLDER_PATH)/DrawingApp";
			};
			name = Debug;
		};
		A1CFD60B29F70A7200BA1B6C /* Release */ = {
			isa = XCBuildConfiguration;
			buildSettings = {
				ALWAYS_EMBED_SWIFT_STANDARD_LIBRARIES = YES;
				BUNDLE_LOADER = "$(TEST_HOST)";
				CODE_SIGN_STYLE = Automatic;
				CURRENT_PROJECT_VERSION = 1;
				GENERATE_INFOPLIST_FILE = YES;
				IPHONEOS_DEPLOYMENT_TARGET = 16.2;
				MARKETING_VERSION = 1.0;
				PRODUCT_BUNDLE_IDENTIFIER = gzs0061.DrawingAppTests;
				PRODUCT_NAME = "$(TARGET_NAME)";
				SWIFT_EMIT_LOC_STRINGS = NO;
				SWIFT_VERSION = 5.0;
				TARGETED_DEVICE_FAMILY = "1,2";
				TEST_HOST = "$(BUILT_PRODUCTS_DIR)/DrawingApp.app/$(BUNDLE_EXECUTABLE_FOLDER_PATH)/DrawingApp";
			};
			name = Release;
		};
		A1CFD60D29F70A7200BA1B6C /* Debug */ = {
			isa = XCBuildConfiguration;
			buildSettings = {
				ALWAYS_EMBED_SWIFT_STANDARD_LIBRARIES = YES;
				CODE_SIGN_STYLE = Automatic;
				CURRENT_PROJECT_VERSION = 1;
				GENERATE_INFOPLIST_FILE = YES;
				MARKETING_VERSION = 1.0;
				PRODUCT_BUNDLE_IDENTIFIER = gzs0061.DrawingAppUITests;
				PRODUCT_NAME = "$(TARGET_NAME)";
				SWIFT_EMIT_LOC_STRINGS = NO;
				SWIFT_VERSION = 5.0;
				TARGETED_DEVICE_FAMILY = "1,2";
				TEST_TARGET_NAME = DrawingApp;
			};
			name = Debug;
		};
		A1CFD60E29F70A7200BA1B6C /* Release */ = {
			isa = XCBuildConfiguration;
			buildSettings = {
				ALWAYS_EMBED_SWIFT_STANDARD_LIBRARIES = YES;
				CODE_SIGN_STYLE = Automatic;
				CURRENT_PROJECT_VERSION = 1;
				GENERATE_INFOPLIST_FILE = YES;
				MARKETING_VERSION = 1.0;
				PRODUCT_BUNDLE_IDENTIFIER = gzs0061.DrawingAppUITests;
				PRODUCT_NAME = "$(TARGET_NAME)";
				SWIFT_EMIT_LOC_STRINGS = NO;
				SWIFT_VERSION = 5.0;
				TARGETED_DEVICE_FAMILY = "1,2";
				TEST_TARGET_NAME = DrawingApp;
			};
			name = Release;
		};
/* End XCBuildConfiguration section */

/* Begin XCConfigurationList section */
		A1CFD5D729F70A6F00BA1B6C /* Build configuration list for PBXProject "DrawingApp" */ = {
			isa = XCConfigurationList;
			buildConfigurations = (
				A1CFD60429F70A7200BA1B6C /* Debug */,
				A1CFD60529F70A7200BA1B6C /* Release */,
			);
			defaultConfigurationIsVisible = 0;
			defaultConfigurationName = Release;
		};
		A1CFD60629F70A7200BA1B6C /* Build configuration list for PBXNativeTarget "DrawingApp" */ = {
			isa = XCConfigurationList;
			buildConfigurations = (
				A1CFD60729F70A7200BA1B6C /* Debug */,
				A1CFD60829F70A7200BA1B6C /* Release */,
			);
			defaultConfigurationIsVisible = 0;
			defaultConfigurationName = Release;
		};
		A1CFD60929F70A7200BA1B6C /* Build configuration list for PBXNativeTarget "DrawingAppTests" */ = {
			isa = XCConfigurationList;
			buildConfigurations = (
				A1CFD60A29F70A7200BA1B6C /* Debug */,
				A1CFD60B29F70A7200BA1B6C /* Release */,
			);
			defaultConfigurationIsVisible = 0;
			defaultConfigurationName = Release;
		};
		A1CFD60C29F70A7200BA1B6C /* Build configuration list for PBXNativeTarget "DrawingAppUITests" */ = {
			isa = XCConfigurationList;
			buildConfigurations = (
				A1CFD60D29F70A7200BA1B6C /* Debug */,
				A1CFD60E29F70A7200BA1B6C /* Release */,
			);
			defaultConfigurationIsVisible = 0;
			defaultConfigurationName = Release;
		};
/* End XCConfigurationList section */
	};
	rootObject = A1CFD5D429F70A6F00BA1B6C /* Project object */;
}
